
Microsoft Visual Studio Solution File, Format Version 12.00
# Visual Studio Version 17
VisualStudioVersion = 17.3.32804.467
MinimumVisualStudioVersion = 10.0.40219.1
Project("{9A19103F-16F7-4668-BE54-9A1E7A4F7556}") = "Pargoon.ZarinPal", "Pargoon.ZarinPal\Pargoon.ZarinPal.csproj", "{ACE36BD6-E30F-4B84-9998-82C27689D2C1}"
EndProject
Project("{FAE04EC0-301F-11D3-BF4B-00C04F79EFBC}") = "Sample", "Sample\Sample.csproj", "{A342F43E-37A9-4D45-B09E-1BAE90DBD43B}"
EndProject
Global
	GlobalSection(SolutionConfigurationPlatforms) = preSolution
		Debug|Any CPU = Debug|Any CPU
		Release|Any CPU = Release|Any CPU
	EndGlobalSection
	GlobalSection(ProjectConfigurationPlatforms) = postSolution
		{ACE36BD6-E30F-4B84-9998-82C27689D2C1}.Debug|Any CPU.ActiveCfg = Debug|Any CPU
		{ACE36BD6-E30F-4B84-9998-82C27689D2C1}.Debug|Any CPU.Build.0 = Debug|Any CPU
		{ACE36BD6-E30F-4B84-9998-82C27689D2C1}.Release|Any CPU.ActiveCfg = Release|Any CPU
		{ACE36BD6-E30F-4B84-9998-82C27689D2C1}.Release|Any CPU.Build.0 = Release|Any CPU
		{A342F43E-37A9-4D45-B09E-1BAE90DBD43B}.Debug|Any CPU.ActiveCfg = Debug|Any CPU
		{A342F43E-37A9-4D45-B09E-1BAE90DBD43B}.Debug|Any CPU.Build.0 = Debug|Any CPU
		{A342F43E-37A9-4D45-B09E-1BAE90DBD43B}.Release|Any CPU.ActiveCfg = Release|Any CPU
		{A342F43E-37A9-4D45-B09E-1BAE90DBD43B}.Release|Any CPU.Build.0 = Release|Any CPU
	EndGlobalSection
	GlobalSection(SolutionProperties) = preSolution
		HideSolutionNode = FALSE
	EndGlobalSection
	GlobalSection(ExtensibilityGlobals) = postSolution
		SolutionGuid = {F3E57A88-40F8-4EA5-B9FA-6E93AC908AC0}
	EndGlobalSection
EndGlobal
